
Microsoft Visual Studio Solution File, Format Version 12.00
# Visual Studio Version 17
VisualStudioVersion = 17.7.34031.279
MinimumVisualStudioVersion = 10.0.40219.1
Project("{FAE04EC0-301F-11D3-BF4B-00C04F79EFBC}") = "Publisher", "Publisher\Publisher.csproj", "{EA399B9E-F468-4402-AD3B-5168890A0C9A}"
EndProject
Project("{FAE04EC0-301F-11D3-BF4B-00C04F79EFBC}") = "Common", "Common\Common.csproj", "{F309A852-FCBA-4B5A-9381-904A569AC726}"
EndProject
Project("{FAE04EC0-301F-11D3-BF4B-00C04F79EFBC}") = "Broker", "Broker\Broker.csproj", "{C9651867-EE00-44CC-B193-DED67020DCE5}"
EndProject
Project("{FAE04EC0-301F-11D3-BF4B-00C04F79EFBC}") = "Subscriber", "Subscriber\Subscriber.csproj", "{27D2868D-81CD-443C-A673-E34F0E8BBD81}"
EndProject
Global
	GlobalSection(SolutionConfigurationPlatforms) = preSolution
		Debug|Any CPU = Debug|Any CPU
		Release|Any CPU = Release|Any CPU
	EndGlobalSection
	GlobalSection(ProjectConfigurationPlatforms) = postSolution
		{EA399B9E-F468-4402-AD3B-5168890A0C9A}.Debug|Any CPU.ActiveCfg = Debug|Any CPU
		{EA399B9E-F468-4402-AD3B-5168890A0C9A}.Debug|Any CPU.Build.0 = Debug|Any CPU
		{EA399B9E-F468-4402-AD3B-5168890A0C9A}.Release|Any CPU.ActiveCfg = Release|Any CPU
		{EA399B9E-F468-4402-AD3B-5168890A0C9A}.Release|Any CPU.Build.0 = Release|Any CPU
		{F309A852-FCBA-4B5A-9381-904A569AC726}.Debug|Any CPU.ActiveCfg = Debug|Any CPU
		{F309A852-FCBA-4B5A-9381-904A569AC726}.Debug|Any CPU.Build.0 = Debug|Any CPU
		{F309A852-FCBA-4B5A-9381-904A569AC726}.Release|Any CPU.ActiveCfg = Release|Any CPU
		{F309A852-FCBA-4B5A-9381-904A569AC726}.Release|Any CPU.Build.0 = Release|Any CPU
		{C9651867-EE00-44CC-B193-DED67020DCE5}.Debug|Any CPU.ActiveCfg = Debug|Any CPU
		{C9651867-EE00-44CC-B193-DED67020DCE5}.Debug|Any CPU.Build.0 = Debug|Any CPU
		{C9651867-EE00-44CC-B193-DED67020DCE5}.Release|Any CPU.ActiveCfg = Release|Any CPU
		{C9651867-EE00-44CC-B193-DED67020DCE5}.Release|Any CPU.Build.0 = Release|Any CPU
		{27D2868D-81CD-443C-A673-E34F0E8BBD81}.Debug|Any CPU.ActiveCfg = Debug|Any CPU
		{27D2868D-81CD-443C-A673-E34F0E8BBD81}.Debug|Any CPU.Build.0 = Debug|Any CPU
		{27D2868D-81CD-443C-A673-E34F0E8BBD81}.Release|Any CPU.ActiveCfg = Release|Any CPU
		{27D2868D-81CD-443C-A673-E34F0E8BBD81}.Release|Any CPU.Build.0 = Release|Any CPU
	EndGlobalSection
	GlobalSection(SolutionProperties) = preSolution
		HideSolutionNode = FALSE
	EndGlobalSection
	GlobalSection(ExtensibilityGlobals) = postSolution
		SolutionGuid = {7FA87F82-FC7B-42CD-B808-A6494237C43C}
	EndGlobalSection
EndGlobal
